
Microsoft Visual Studio Solution File, Format Version 12.00
Project("{FAE04EC0-301F-11D3-BF4B-00C04F79EFBC}") = "API", "API\API.csproj", "{2B23C33D-B5EF-4386-988F-A7C44A14EF4B}"
EndProject
Project("{FAE04EC0-301F-11D3-BF4B-00C04F79EFBC}") = "Domain", "Domain\Domain.csproj", "{C801EDA5-E17A-4731-8ED6-484002ACFB5E}"
EndProject
Global
	GlobalSection(SolutionConfigurationPlatforms) = preSolution
		Debug|Any CPU = Debug|Any CPU
		Release|Any CPU = Release|Any CPU
	EndGlobalSection
	GlobalSection(ProjectConfigurationPlatforms) = postSolution
		{2B23C33D-B5EF-4386-988F-A7C44A14EF4B}.Debug|Any CPU.ActiveCfg = Debug|Any CPU
		{2B23C33D-B5EF-4386-988F-A7C44A14EF4B}.Debug|Any CPU.Build.0 = Debug|Any CPU
		{2B23C33D-B5EF-4386-988F-A7C44A14EF4B}.Release|Any CPU.ActiveCfg = Release|Any CPU
		{2B23C33D-B5EF-4386-988F-A7C44A14EF4B}.Release|Any CPU.Build.0 = Release|Any CPU
		{C801EDA5-E17A-4731-8ED6-484002ACFB5E}.Debug|Any CPU.ActiveCfg = Debug|Any CPU
		{C801EDA5-E17A-4731-8ED6-484002ACFB5E}.Debug|Any CPU.Build.0 = Debug|Any CPU
		{C801EDA5-E17A-4731-8ED6-484002ACFB5E}.Release|Any CPU.ActiveCfg = Release|Any CPU
		{C801EDA5-E17A-4731-8ED6-484002ACFB5E}.Release|Any CPU.Build.0 = Release|Any CPU
	EndGlobalSection
EndGlobal
